# THIS IS AN AUTOGENERATED FILE. DO NOT EDIT THIS FILE DIRECTLY.
# yarn lockfile v1


dns-then@^0.1.0:
  version "0.1.0"
  resolved "https://registry.yarnpkg.com/dns-then/-/dns-then-0.1.0.tgz#c573a8ed103ca7492e070507cbfab27b15eab1f4"
  integrity sha1-xXOo7RA8p0kuBwUHy/qyexXqsfQ=
  dependencies:
    node-then "~0.1"

nan@2.14.*:
  version "2.14.1"
  resolved "https://registry.yarnpkg.com/nan/-/nan-2.14.1.tgz#d7be34dfa3105b91494c3147089315eff8874b01"
  integrity sha512-isWHgVjnFjh2x2yuJ/tj3JbwoHu3UC2dX5G/88Cm24yB6YopVgxvBObDY7n5xW6ExmFhJpSEQqFPvq9zaXc8Jw==

node-then@~0.1:
  version "0.1.0"
  resolved "https://registry.yarnpkg.com/node-then/-/node-then-0.1.0.tgz#af1a89512cae670082238f1f92d6cb80b75f94d2"
  integrity sha1-rxqJUSyuZwCCI48fktbLgLdflNI=
  dependencies:
    when "~2.2"

raw-socket@^1.6.0:
  version "1.7.0"
  resolved "https://registry.yarnpkg.com/raw-socket/-/raw-socket-1.7.0.tgz#cd0bcc3da52450dcb6b9efe7a6d0890bf1aaf9db"
  integrity sha512-mXqWihgwaFNmV5le0dWk5o+03M3A2zBIkC9BNaE6R0CJN9eYot++j2FIqgNSDq6/Vmu32PPI155SiiWNV2yyFQ==
  dependencies:
    nan "2.14.*"

when@~2.2:
  version "2.2.1"
  resolved "https://registry.yarnpkg.com/when/-/when-2.2.1.tgz#b1def994017350b8087f6e9a7596ab2833bdc712"
  integrity sha1-sd75lAFzULgIf26adZarKDO9xxI=
